            app = Flask(__name__)
            
            @app.route("/")
            def home():
                return """
                <h2>EC2 → RDS Notes App</h2>
                <p>POST /add?note=hello</p>
                <p>GET /list</p>
                """
            
            @app.route("/init")
            def init_db():
                c = get_db_creds()
                host = c["host"]
                user = c["username"]
                password = c["password"]
                port = int(c.get("port", 3306))
            
                # connect without specifying a DB first
                conn = pymysql.connect(host=host, user=user, password=password, port=port, autocommit=True)
                cur = conn.cursor()
                cur.execute("CREATE DATABASE IF NOT EXISTS labdb;")
                cur.execute("USE labdb;")
                cur.execute("""
                    CREATE TABLE IF NOT EXISTS notes (
                        id INT AUTO_INCREMENT PRIMARY KEY,
                        note VARCHAR(255) NOT NULL
                    );
                """)
                cur.close()
                conn.close()
                return "Initialized labdb + notes table."
            
            @app.route("/add", methods=["POST", "GET"])
            def add_note():
                note = request.args.get("note", "").strip()
                if not note:
                    return "Missing note param. Try: /add?note=hello", 400
                conn = get_conn()
                cur = conn.cursor()
                cur.execute("INSERT INTO notes(note) VALUES(%s);", (note,))
                cur.close()
                conn.close()
                return f"Inserted note: {note}"
            
            @app.route("/list")
            def list_notes():
                conn = get_conn()
                cur = conn.cursor()
                cur.execute("SELECT id, note FROM notes ORDER BY id DESC;")
                rows = cur.fetchall()
                cur.close()
                conn.close()
                out = "<h3>Notes</h3><ul>"
                for r in rows:
                    out += f"<li>{r[0]}: {r[1]}</li>"
                out += "</ul>"
                return out
            
            if __name__ == "__main__":
                app.run(host="0.0.0.0", port=80)
            PY
            
            cat >/etc/systemd/system/rdsapp.service <<'SERVICE'
            [Unit]
            Description=EC2 to RDS Notes App
            After=network.target
            
            [Service]
            WorkingDirectory=/opt/rdsapp
            Environment=SECRET_ID=fugaku/rds/mysql
            Environment=AWS_REGION=ap-northeast-1
            ExecStart=/usr/bin/python3 /opt/rdsapp/app.py
            Restart=always
            
            [Install]
            WantedBy=multi-user.target
            SERVICE
            
            systemctl daemon-reload
            systemctl enable rdsapp
            systemctl start rdsapp
        EOT
      + user_data_base64                     = (known after apply)
      + user_data_replace_on_change          = false
      + vpc_security_group_ids               = (known after apply)

      + capacity_reservation_specification (known after apply)

      + cpu_options (known after apply)

      + ebs_block_device (known after apply)

      + enclave_options (known after apply)

      + ephemeral_block_device (known after apply)

      + instance_market_options (known after apply)

      + maintenance_options (known after apply)

      + metadata_options (known after apply)

      + network_interface (known after apply)

      + primary_network_interface (known after apply)

      + private_dns_name_options (known after apply)

      + root_block_device (known after apply)
    }

  # aws_internet_gateway.fugaku_igw01 will be created
  + resource "aws_internet_gateway" "fugaku_igw01" {
      + arn      = (known after apply)
      + id       = (known after apply)
      + owner_id = (known after apply)
      + region   = "ap-northeast-1"
      + tags     = {
          + "Name" = "fugaku-igw01"
        }
      + tags_all = {
          + "Name" = "fugaku-igw01"
        }
      + vpc_id   = (known after apply)
    }

  # aws_nat_gateway.fugaku_nat01 will be created
  + resource "aws_nat_gateway" "fugaku_nat01" {
      + allocation_id                      = (known after apply)
      + association_id                     = (known after apply)
      + auto_provision_zones               = (known after apply)
      + auto_scaling_ips                   = (known after apply)
      + availability_mode                  = (known after apply)
      + connectivity_type                  = "public"
      + id                                 = (known after apply)
      + network_interface_id               = (known after apply)
      + private_ip                         = (known after apply)
      + public_ip                          = (known after apply)
      + region                             = "ap-northeast-1"
      + regional_nat_gateway_address       = (known after apply)
      + regional_nat_gateway_auto_mode     = (known after apply)
      + route_table_id                     = (known after apply)
      + secondary_allocation_ids           = (known after apply)
      + secondary_private_ip_address_count = (known after apply)
      + secondary_private_ip_addresses     = (known after apply)
      + subnet_id                          = (known after apply)
      + tags                               = {
          + "Name" = "fugaku-nat01"
        }
      + tags_all                           = {
          + "Name" = "fugaku-nat01"
        }
      + vpc_id                             = (known after apply)
    }

  # aws_route.fugaku_private_default_route will be created
  + resource "aws_route" "fugaku_private_default_route" {
      + destination_cidr_block = "0.0.0.0/0"
      + id                     = (known after apply)
      + instance_id            = (known after apply)
      + instance_owner_id      = (known after apply)
      + nat_gateway_id         = (known after apply)
      + network_interface_id   = (known after apply)
      + origin                 = (known after apply)
      + region                 = "ap-northeast-1"
      + route_table_id         = (known after apply)
      + state                  = (known after apply)
    }

  # aws_route.fugaku_public_default_route will be created
  + resource "aws_route" "fugaku_public_default_route" {
      + destination_cidr_block = "0.0.0.0/0"
      + gateway_id             = (known after apply)
      + id                     = (known after apply)
      + instance_id            = (known after apply)
      + instance_owner_id      = (known after apply)
      + network_interface_id   = (known after apply)
      + origin                 = (known after apply)
      + region                 = "ap-northeast-1"
      + route_table_id         = (known after apply)
      + state                  = (known after apply)
    }

  # aws_route_table.fugaku_private_rt01 will be created
  + resource "aws_route_table" "fugaku_private_rt01" {
      + arn              = (known after apply)
      + id               = (known after apply)
      + owner_id         = (known after apply)
      + propagating_vgws = (known after apply)
      + region           = "ap-northeast-1"
      + route            = (known after apply)
      + tags             = {
          + "Name" = "fugaku-private-rt01"
        }
      + tags_all         = {
          + "Name" = "fugaku-private-rt01"
        }
      + vpc_id           = (known after apply)
    }

  # aws_route_table.fugaku_public_rt01 will be created
  + resource "aws_route_table" "fugaku_public_rt01" {
      + arn              = (known after apply)
      + id               = (known after apply)
      + owner_id         = (known after apply)
      + propagating_vgws = (known after apply)
      + region           = "ap-northeast-1"
      + route            = (known after apply)
      + tags             = {
          + "Name" = "fugaku-public-rt01"
        }
      + tags_all         = {
          + "Name" = "fugaku-public-rt01"
        }
      + vpc_id           = (known after apply)
    }

  # aws_route_table_association.fugaku_private_rta[0] will be created
  + resource "aws_route_table_association" "fugaku_private_rta" {
      + id             = (known after apply)
      + region         = "ap-northeast-1"
      + route_table_id = (known after apply)
      + subnet_id      = (known after apply)
    }

  # aws_route_table_association.fugaku_private_rta[1] will be created
  + resource "aws_route_table_association" "fugaku_private_rta" {
      + id             = (known after apply)
      + region         = "ap-northeast-1"
      + route_table_id = (known after apply)
      + subnet_id      = (known after apply)
    }

  # aws_route_table_association.fugaku_public_rta[0] will be created
  + resource "aws_route_table_association" "fugaku_public_rta" {
      + id             = (known after apply)
      + region         = "ap-northeast-1"
      + route_table_id = (known after apply)
      + subnet_id      = (known after apply)
    }

  # aws_route_table_association.fugaku_public_rta[1] will be created
  + resource "aws_route_table_association" "fugaku_public_rta" {
      + id             = (known after apply)
      + region         = "ap-northeast-1"
      + route_table_id = (known after apply)
      + subnet_id      = (known after apply)
    }

  # aws_secretsmanager_secret.fugaku_db_secret01 will be created
  + resource "aws_secretsmanager_secret" "fugaku_db_secret01" {
      + arn                            = (known after apply)
      + force_overwrite_replica_secret = false
      + id                             = (known after apply)
      + name                           = "fugaku/rds/mysql"
      + name_prefix                    = (known after apply)
      + policy                         = (known after apply)
      + recovery_window_in_days        = 30
      + region                         = "ap-northeast-1"
      + tags_all                       = (known after apply)

      + replica (known after apply)
    }

  # aws_secretsmanager_secret_version.fugaku_db_secret_version01 will be created
  + resource "aws_secretsmanager_secret_version" "fugaku_db_secret_version01" {
      + arn                  = (known after apply)
      + has_secret_string_wo = (known after apply)
      + id                   = (known after apply)
      + region               = "ap-northeast-1"
      + secret_id            = (known after apply)
      + secret_string        = (sensitive value)
      + secret_string_wo     = (write-only attribute)
      + version_id           = (known after apply)
      + version_stages       = (known after apply)
    }

  # aws_security_group.fugaku_ec2_sg01 will be created
  + resource "aws_security_group" "fugaku_ec2_sg01" {
      + arn                    = (known after apply)
      + description            = "EC2 app security group"
      + egress                 = (known after apply)
      + id                     = (known after apply)
      + ingress                = [
          + {
              + cidr_blocks      = [
                  + "0.0.0.0/0",
                ]
              + description      = "Allow HTTP"
              + from_port        = 80
              + ipv6_cidr_blocks = []
              + prefix_list_ids  = []
              + protocol         = "tcp"
              + security_groups  = []
              + self             = false
              + to_port          = 80
            },
          + {
              + cidr_blocks      = [
                  + "157.131.250.221/32",
                ]
              + description      = "Allow SSH from my IP"
              + from_port        = 22
              + ipv6_cidr_blocks = []
              + prefix_list_ids  = []
              + protocol         = "tcp"
              + security_groups  = []
              + self             = false
              + to_port          = 22
            },
        ]
      + name                   = "fugaku-ec2-sg01"
      + name_prefix            = (known after apply)
      + owner_id               = (known after apply)
      + region                 = "ap-northeast-1"
      + revoke_rules_on_delete = false
      + tags                   = {
          + "Name" = "fugaku-ec2-sg01"
        }
      + tags_all               = {
          + "Name" = "fugaku-ec2-sg01"
        }
      + vpc_id                 = (known after apply)
    }

  # aws_security_group.fugaku_rds_sg01 will be created
  + resource "aws_security_group" "fugaku_rds_sg01" {
      + arn                    = (known after apply)
      + description            = "RDS security group"
      + egress                 = (known after apply)
      + id                     = (known after apply)
      + ingress                = [
          + {
              + cidr_blocks      = []
              + description      = "Allow MySQL from EC2 SG"
              + from_port        = 3306
              + ipv6_cidr_blocks = []
              + prefix_list_ids  = []
              + protocol         = "tcp"
              + security_groups  = (known after apply)
              + self             = false
              + to_port          = 3306
            },
        ]
      + name                   = "fugaku-rds-sg01"
      + name_prefix            = (known after apply)
      + owner_id               = (known after apply)
      + region                 = "ap-northeast-1"
      + revoke_rules_on_delete = false
      + tags                   = {
          + "Name" = "fugaku-rds-sg01"
        }
      + tags_all               = {
          + "Name" = "fugaku-rds-sg01"
        }
      + vpc_id                 = (known after apply)
    }

  # aws_sns_topic.fugaku_sns_topic01 will be created
  + resource "aws_sns_topic" "fugaku_sns_topic01" {
      + arn                         = (known after apply)
      + beginning_archive_time      = (known after apply)
      + content_based_deduplication = false
      + fifo_throughput_scope       = (known after apply)
      + fifo_topic                  = false
      + id                          = (known after apply)
      + name                        = "fugaku-db-incidents"
      + name_prefix                 = (known after apply)
      + owner                       = (known after apply)
      + policy                      = (known after apply)
      + region                      = "ap-northeast-1"
      + signature_version           = (known after apply)
      + tags_all                    = (known after apply)
      + tracing_config              = (known after apply)
    }

  # aws_sns_topic_subscription.fugaku_sns_sub01 will be created
  + resource "aws_sns_topic_subscription" "fugaku_sns_sub01" {
      + arn                             = (known after apply)
      + confirmation_timeout_in_minutes = 1
      + confirmation_was_authenticated  = (known after apply)
      + endpoint                        = "umaidevsec@gmail.com"
      + endpoint_auto_confirms          = false
      + filter_policy_scope             = (known after apply)
      + id                              = (known after apply)
      + owner_id                        = (known after apply)
      + pending_confirmation            = (known after apply)
      + protocol                        = "email"
      + raw_message_delivery            = false
      + region                          = "ap-northeast-1"
      + topic_arn                       = (known after apply)
    }

  # aws_ssm_parameter.fugaku_db_endpoint_param will be created
  + resource "aws_ssm_parameter" "fugaku_db_endpoint_param" {
      + arn            = (known after apply)
      + data_type      = (known after apply)
      + has_value_wo   = (known after apply)
      + id             = (known after apply)
      + insecure_value = (known after apply)
      + key_id         = (known after apply)
      + name           = "/lab/db/endpoint"
      + region         = "ap-northeast-1"
      + tags           = {
          + "Name" = "fugaku-param-db-endpoint"
        }
      + tags_all       = {
          + "Name" = "fugaku-param-db-endpoint"
        }
      + tier           = (known after apply)
      + type           = "String"
      + value          = (sensitive value)
      + value_wo       = (write-only attribute)
      + version        = (known after apply)
    }

  # aws_ssm_parameter.fugaku_db_name_param will be created
  + resource "aws_ssm_parameter" "fugaku_db_name_param" {
      + arn            = (known after apply)
      + data_type      = (known after apply)
      + has_value_wo   = (known after apply)
      + id             = (known after apply)
      + insecure_value = (known after apply)
      + key_id         = (known after apply)
      + name           = "/lab/db/name"
      + region         = "ap-northeast-1"
      + tags           = {
          + "Name" = "fugaku-param-db-name"
        }
      + tags_all       = {
          + "Name" = "fugaku-param-db-name"
        }
      + tier           = (known after apply)
      + type           = "String"
      + value          = (sensitive value)
      + value_wo       = (write-only attribute)
      + version        = (known after apply)
    }

  # aws_ssm_parameter.fugaku_db_port_param will be created
  + resource "aws_ssm_parameter" "fugaku_db_port_param" {
      + arn            = (known after apply)
      + data_type      = (known after apply)
      + has_value_wo   = (known after apply)
      + id             = (known after apply)
      + insecure_value = (known after apply)
      + key_id         = (known after apply)
      + name           = "/lab/db/port"
      + region         = "ap-northeast-1"
      + tags           = {
          + "Name" = "fugaku-param-db-port"
        }
      + tags_all       = {
          + "Name" = "fugaku-param-db-port"
        }
      + tier           = (known after apply)
      + type           = "String"
      + value          = (sensitive value)
      + value_wo       = (write-only attribute)
      + version        = (known after apply)
    }

  # aws_subnet.fugaku_private_subnets[0] will be created
  + resource "aws_subnet" "fugaku_private_subnets" {
      + arn                                            = (known after apply)
      + assign_ipv6_address_on_creation                = false
      + availability_zone                              = "ap-northeast-1a"
      + availability_zone_id                           = (known after apply)
      + cidr_block                                     = "10.248.71.0/24"
      + enable_dns64                                   = false
      + enable_resource_name_dns_a_record_on_launch    = false
      + enable_resource_name_dns_aaaa_record_on_launch = false
      + id                                             = (known after apply)
      + ipv6_cidr_block                                = (known after apply)
      + ipv6_cidr_block_association_id                 = (known after apply)
      + ipv6_native                                    = false
      + map_public_ip_on_launch                        = false
      + owner_id                                       = (known after apply)
      + private_dns_hostname_type_on_launch            = (known after apply)
      + region                                         = "ap-northeast-1"
      + tags                                           = {
          + "Name" = "fugaku-private-subnet01"
        }
      + tags_all                                       = {
          + "Name" = "fugaku-private-subnet01"
        }
      + vpc_id                                         = (known after apply)
    }

  # aws_subnet.fugaku_private_subnets[1] will be created
  + resource "aws_subnet" "fugaku_private_subnets" {
      + arn                                            = (known after apply)
      + assign_ipv6_address_on_creation                = false
      + availability_zone                              = "ap-northeast-1c"
      + availability_zone_id                           = (known after apply)
      + cidr_block                                     = "10.248.72.0/24"
      + enable_dns64                                   = false
      + enable_resource_name_dns_a_record_on_launch    = false
      + enable_resource_name_dns_aaaa_record_on_launch = false
      + id                                             = (known after apply)
      + ipv6_cidr_block                                = (known after apply)
      + ipv6_cidr_block_association_id                 = (known after apply)
      + ipv6_native                                    = false
      + map_public_ip_on_launch                        = false
      + owner_id                                       = (known after apply)
      + private_dns_hostname_type_on_launch            = (known after apply)
      + region                                         = "ap-northeast-1"
      + tags                                           = {
          + "Name" = "fugaku-private-subnet02"
        }
      + tags_all                                       = {
          + "Name" = "fugaku-private-subnet02"
        }
      + vpc_id                                         = (known after apply)
    }

  # aws_subnet.fugaku_public_subnets[0] will be created
  + resource "aws_subnet" "fugaku_public_subnets" {
      + arn                                            = (known after apply)
      + assign_ipv6_address_on_creation                = false
      + availability_zone                              = "ap-northeast-1a"
      + availability_zone_id                           = (known after apply)
      + cidr_block                                     = "10.248.1.0/24"
      + enable_dns64                                   = false
      + enable_resource_name_dns_a_record_on_launch    = false
      + enable_resource_name_dns_aaaa_record_on_launch = false
      + id                                             = (known after apply)
      + ipv6_cidr_block                                = (known after apply)
      + ipv6_cidr_block_association_id                 = (known after apply)
      + ipv6_native                                    = false
      + map_public_ip_on_launch                        = true
      + owner_id                                       = (known after apply)
      + private_dns_hostname_type_on_launch            = (known after apply)
      + region                                         = "ap-northeast-1"
      + tags                                           = {
          + "Name" = "fugaku-public-subnet01"
        }
      + tags_all                                       = {
          + "Name" = "fugaku-public-subnet01"
        }
      + vpc_id                                         = (known after apply)
    }

  # aws_subnet.fugaku_public_subnets[1] will be created
  + resource "aws_subnet" "fugaku_public_subnets" {
      + arn                                            = (known after apply)
      + assign_ipv6_address_on_creation                = false
      + availability_zone                              = "ap-northeast-1c"
      + availability_zone_id                           = (known after apply)
      + cidr_block                                     = "10.248.2.0/24"
      + enable_dns64                                   = false
      + enable_resource_name_dns_a_record_on_launch    = false
      + enable_resource_name_dns_aaaa_record_on_launch = false
      + id                                             = (known after apply)
      + ipv6_cidr_block                                = (known after apply)
      + ipv6_cidr_block_association_id                 = (known after apply)
      + ipv6_native                                    = false
      + map_public_ip_on_launch                        = true
      + owner_id                                       = (known after apply)
      + private_dns_hostname_type_on_launch            = (known after apply)
      + region                                         = "ap-northeast-1"
      + tags                                           = {
          + "Name" = "fugaku-public-subnet02"
        }
      + tags_all                                       = {
          + "Name" = "fugaku-public-subnet02"
        }
      + vpc_id                                         = (known after apply)
    }

  # aws_vpc.fugaku_vpc01 will be created
  + resource "aws_vpc" "fugaku_vpc01" {
      + arn                                  = (known after apply)
      + cidr_block                           = "10.248.0.0/16"
      + default_network_acl_id               = (known after apply)
      + default_route_table_id               = (known after apply)
      + default_security_group_id            = (known after apply)
      + dhcp_options_id                      = (known after apply)
      + enable_dns_hostnames                 = true
      + enable_dns_support                   = true
      + enable_network_address_usage_metrics = (known after apply)
      + id                                   = (known after apply)
      + instance_tenancy                     = "default"
      + ipv6_association_id                  = (known after apply)
      + ipv6_cidr_block                      = (known after apply)
      + ipv6_cidr_block_network_border_group = (known after apply)
      + main_route_table_id                  = (known after apply)
      + owner_id                             = (known after apply)
      + region                               = "ap-northeast-1"
      + tags                                 = {
          + "Name" = "fugaku-vpc01"
        }
      + tags_all                             = {
          + "Name" = "fugaku-vpc01"
        }
    }

Plan: 35 to add, 0 to change, 0 to destroy.

Changes to Outputs:
  + fugaku_ec2_instance_id    = (known after apply)
  + fugaku_log_group_name     = "/aws/ec2/fugaku-rds-app"
  + fugaku_private_subnet_ids = [
      + (known after apply),
      + (known after apply),
    ]
  + fugaku_public_subnet_ids  = [
      + (known after apply),
      + (known after apply),
    ]
  + fugaku_rds_endpoint       = (known after apply)
  + fugaku_sns_topic_arn      = (known after apply)
  + fugaku_vpc_id             = (known after apply)

